
Microsoft Visual Studio Solution File, Format Version 12.00
# Visual Studio 14
VisualStudioVersion = 14.0.25123.0
MinimumVisualStudioVersion = 10.0.40219.1
Project("{FAE04EC0-301F-11D3-BF4B-00C04F79EFBC}") = "WinCtp", "WinCtp\WinCtp.csproj", "{1598B6AD-B4A9-445D-B975-3EA7C924FBA8}"
EndProject
Project("{FAE04EC0-301F-11D3-BF4B-00C04F79EFBC}") = "UnitTest", "UnitTest\UnitTest.csproj", "{85747467-BBE8-4CEC-B675-42DAAEA4EADC}"
EndProject
Project("{2150E333-8FDC-42A3-9474-1A3956D46DE8}") = "Solution Items", "Solution Items", "{01B6B053-8B49-4432-9C22-0DF3E619C540}"
	ProjectSection(SolutionItems) = preProject
		.gitignore = .gitignore
		README.md = README.md
	EndProjectSection
EndProject
Project("{2150E333-8FDC-42A3-9474-1A3956D46DE8}") = "doc", "doc", "{9C97C5C6-89DB-4686-8D8D-EB848F7BE388}"
	ProjectSection(SolutionItems) = preProject
		doc\error.dtd = doc\error.dtd
		doc\error.xml = doc\error.xml
		doc\ThostFtdcMdApi.h = doc\ThostFtdcMdApi.h
		doc\ThostFtdcTraderApi.h = doc\ThostFtdcTraderApi.h
		doc\ThostFtdcUserApiDataType.h = doc\ThostFtdcUserApiDataType.h
		doc\ThostFtdcUserApiStruct.h = doc\ThostFtdcUserApiStruct.h
	EndProjectSection
EndProject
Global
	GlobalSection(SolutionConfigurationPlatforms) = preSolution
		Debug|Any CPU = Debug|Any CPU
		Debug|x86 = Debug|x86
		Release|Any CPU = Release|Any CPU
		Release|x86 = Release|x86
	EndGlobalSection
	GlobalSection(ProjectConfigurationPlatforms) = postSolution
		{1598B6AD-B4A9-445D-B975-3EA7C924FBA8}.Debug|Any CPU.ActiveCfg = Debug|Any CPU
		{1598B6AD-B4A9-445D-B975-3EA7C924FBA8}.Debug|Any CPU.Build.0 = Debug|Any CPU
		{1598B6AD-B4A9-445D-B975-3EA7C924FBA8}.Debug|x86.ActiveCfg = Debug|x86
		{1598B6AD-B4A9-445D-B975-3EA7C924FBA8}.Debug|x86.Build.0 = Debug|x86
		{1598B6AD-B4A9-445D-B975-3EA7C924FBA8}.Release|Any CPU.ActiveCfg = Release|Any CPU
		{1598B6AD-B4A9-445D-B975-3EA7C924FBA8}.Release|Any CPU.Build.0 = Release|Any CPU
		{1598B6AD-B4A9-445D-B975-3EA7C924FBA8}.Release|x86.ActiveCfg = Release|x86
		{1598B6AD-B4A9-445D-B975-3EA7C924FBA8}.Release|x86.Build.0 = Release|x86
		{85747467-BBE8-4CEC-B675-42DAAEA4EADC}.Debug|Any CPU.ActiveCfg = Debug|Any CPU
		{85747467-BBE8-4CEC-B675-42DAAEA4EADC}.Debug|Any CPU.Build.0 = Debug|Any CPU
		{85747467-BBE8-4CEC-B675-42DAAEA4EADC}.Debug|x86.ActiveCfg = Debug|Any CPU
		{85747467-BBE8-4CEC-B675-42DAAEA4EADC}.Debug|x86.Build.0 = Debug|Any CPU
		{85747467-BBE8-4CEC-B675-42DAAEA4EADC}.Release|Any CPU.ActiveCfg = Release|Any CPU
		{85747467-BBE8-4CEC-B675-42DAAEA4EADC}.Release|Any CPU.Build.0 = Release|Any CPU
		{85747467-BBE8-4CEC-B675-42DAAEA4EADC}.Release|x86.ActiveCfg = Release|Any CPU
		{85747467-BBE8-4CEC-B675-42DAAEA4EADC}.Release|x86.Build.0 = Release|Any CPU
	EndGlobalSection
	GlobalSection(SolutionProperties) = preSolution
		HideSolutionNode = FALSE
	EndGlobalSection
EndGlobal
